[root]
name = "test"
version = "0.1.0"
dependencies = [
 "log 0.1.0",
 "user 0.1.0",
]

[[package]]
name = "constants"
version = "0.1.0"

[[package]]
name = "log"
version = "0.1.0"
dependencies = [
 "constants 0.1.0",
 "rlibc 1.0.0 (registry+https://github.com/rust-lang/crates.io-index)",
 "spin 0.3.5 (registry+https://github.com/rust-lang/crates.io-index)",
]

[[package]]
name = "nasm-rs"
version = "0.0.4"
source = "git+https://github.com/jrasky/nasm-rs#eebff417fdda3b656cb18e8e4b55933060bac7a8"

[[package]]
name = "rlibc"
version = "1.0.0"
source = "registry+https://github.com/rust-lang/crates.io-index"

[[package]]
name = "spin"
version = "0.3.5"
source = "registry+https://github.com/rust-lang/crates.io-index"

[[package]]
name = "user"
version = "0.1.0"
dependencies = [
 "log 0.1.0",
 "nasm-rs 0.0.4 (git+https://github.com/jrasky/nasm-rs)",
]

