[root]
name = "boot"
version = "0.1.0"
dependencies = [
 "constants 0.1.0",
 "gcc 0.3.41 (registry+https://github.com/rust-lang/crates.io-index)",
 "kernel_std 0.1.0",
 "log 0.3.6 (registry+https://github.com/rust-lang/crates.io-index)",
 "memory 0.1.0",
 "paging 0.1.0",
 "rlibc 1.0.0 (registry+https://github.com/rust-lang/crates.io-index)",
 "serial 0.1.0",
 "xmas-elf 0.4.0 (registry+https://github.com/rust-lang/crates.io-index)",
]

[[package]]
name = "constants"
version = "0.1.0"

[[package]]
name = "gcc"
version = "0.3.41"
source = "registry+https://github.com/rust-lang/crates.io-index"

[[package]]
name = "kernel_std"
version = "0.1.0"
dependencies = [
 "constants 0.1.0",
 "log 0.3.6 (registry+https://github.com/rust-lang/crates.io-index)",
 "memory 0.1.0",
 "rlibc 1.0.0 (registry+https://github.com/rust-lang/crates.io-index)",
 "serial 0.1.0",
 "spin 0.4.5 (registry+https://github.com/rust-lang/crates.io-index)",
]

[[package]]
name = "log"
version = "0.3.6"
source = "registry+https://github.com/rust-lang/crates.io-index"

[[package]]
name = "memory"
version = "0.1.0"
dependencies = [
 "constants 0.1.0",
 "log 0.3.6 (registry+https://github.com/rust-lang/crates.io-index)",
 "spin 0.4.5 (registry+https://github.com/rust-lang/crates.io-index)",
]

[[package]]
name = "paging"
version = "0.1.0"
dependencies = [
 "constants 0.1.0",
 "kernel_std 0.1.0",
 "log 0.3.6 (registry+https://github.com/rust-lang/crates.io-index)",
 "rlibc 1.0.0 (registry+https://github.com/rust-lang/crates.io-index)",
]

[[package]]
name = "rlibc"
version = "1.0.0"
source = "registry+https://github.com/rust-lang/crates.io-index"

[[package]]
name = "serial"
version = "0.1.0"
dependencies = [
 "constants 0.1.0",
 "log 0.3.6 (registry+https://github.com/rust-lang/crates.io-index)",
]

[[package]]
name = "spin"
version = "0.4.5"
source = "registry+https://github.com/rust-lang/crates.io-index"

[[package]]
name = "xmas-elf"
version = "0.4.0"
source = "registry+https://github.com/rust-lang/crates.io-index"
dependencies = [
 "zero 0.1.2 (registry+https://github.com/rust-lang/crates.io-index)",
]

[[package]]
name = "zero"
version = "0.1.2"
source = "registry+https://github.com/rust-lang/crates.io-index"

[metadata]
"checksum gcc 0.3.41 (registry+https://github.com/rust-lang/crates.io-index)" = "3689e1982a563af74960ae3a4758aa632bb8fd984cfc3cc3b60ee6109477ab6e"
"checksum log 0.3.6 (registry+https://github.com/rust-lang/crates.io-index)" = "ab83497bf8bf4ed2a74259c1c802351fcd67a65baa86394b6ba73c36f4838054"
"checksum rlibc 1.0.0 (registry+https://github.com/rust-lang/crates.io-index)" = "fc874b127765f014d792f16763a81245ab80500e2ad921ed4ee9e82481ee08fe"
"checksum spin 0.4.5 (registry+https://github.com/rust-lang/crates.io-index)" = "1d16a26e2b789f86aabddbe91cb82ee2e822beb8a59840d631941b625ef77e53"
"checksum xmas-elf 0.4.0 (registry+https://github.com/rust-lang/crates.io-index)" = "53c92a93b42ac52388febac8dc749c920b4b075c5a0bfb811fa6d26b447a60c0"
"checksum zero 0.1.2 (registry+https://github.com/rust-lang/crates.io-index)" = "5f1bc8a6b2005884962297587045002d8cfb8dcec9db332f4ca216ddc5de82c5"
